
Microsoft Visual Studio Solution File, Format Version 12.00
# Visual Studio Version 17
VisualStudioVersion = 17.10.35013.160
MinimumVisualStudioVersion = 10.0.40219.1
Project("{FAE04EC0-301F-11D3-BF4B-00C04F79EFBC}") = "Monogame - Topic 2", "Monogame - Topic 2\Monogame - Topic 2.csproj", "{870EB058-02E7-4714-8BB7-20A9E60FD74E}"
EndProject
Global
	GlobalSection(SolutionConfigurationPlatforms) = preSolution
		Debug|Any CPU = Debug|Any CPU
		Release|Any CPU = Release|Any CPU
	EndGlobalSection
	GlobalSection(ProjectConfigurationPlatforms) = postSolution
		{870EB058-02E7-4714-8BB7-20A9E60FD74E}.Debug|Any CPU.ActiveCfg = Debug|Any CPU
		{870EB058-02E7-4714-8BB7-20A9E60FD74E}.Debug|Any CPU.Build.0 = Debug|Any CPU
		{870EB058-02E7-4714-8BB7-20A9E60FD74E}.Release|Any CPU.ActiveCfg = Release|Any CPU
		{870EB058-02E7-4714-8BB7-20A9E60FD74E}.Release|Any CPU.Build.0 = Release|Any CPU
	EndGlobalSection
	GlobalSection(SolutionProperties) = preSolution
		HideSolutionNode = FALSE
	EndGlobalSection
	GlobalSection(ExtensibilityGlobals) = postSolution
		SolutionGuid = {C7146EFB-B608-4333-B8CC-BFE99C6F6E8B}
	EndGlobalSection
EndGlobal
